
Microsoft Visual Studio Solution File, Format Version 12.00
# Visual Studio Version 16
VisualStudioVersion = 16.0.32126.315
MinimumVisualStudioVersion = 10.0.40219.1
Project("{FAE04EC0-301F-11D3-BF4B-00C04F79EFBC}") = "DAQ Sim App 1", "DAQ Sim App 1.csproj", "{2BF77237-C6C6-4465-B4F0-21521FEF8985}"
EndProject
Global
	GlobalSection(SolutionConfigurationPlatforms) = preSolution
		Debug|Any CPU = Debug|Any CPU
		Release|Any CPU = Release|Any CPU
	EndGlobalSection
	GlobalSection(ProjectConfigurationPlatforms) = postSolution
		{2BF77237-C6C6-4465-B4F0-21521FEF8985}.Debug|Any CPU.ActiveCfg = Debug|Any CPU
		{2BF77237-C6C6-4465-B4F0-21521FEF8985}.Debug|Any CPU.Build.0 = Debug|Any CPU
		{2BF77237-C6C6-4465-B4F0-21521FEF8985}.Release|Any CPU.ActiveCfg = Release|Any CPU
		{2BF77237-C6C6-4465-B4F0-21521FEF8985}.Release|Any CPU.Build.0 = Release|Any CPU
	EndGlobalSection
	GlobalSection(SolutionProperties) = preSolution
		HideSolutionNode = FALSE
	EndGlobalSection
	GlobalSection(ExtensibilityGlobals) = postSolution
		SolutionGuid = {8BA824F3-D0BE-46F9-BC73-0E0F39E033F9}
	EndGlobalSection
EndGlobal
